// !$*UTF8*$!
{
	archiveVersion = 1;
	classes = {
	};
	objectVersion = 56;
	objects = {

/* Begin PBXBuildFile section */
		BA0723B2298F10E00006962A /* HealthAPITests.swift in Sources */ = {isa = PBXBuildFile; fileRef = BA0723B1298F10E00006962A /* HealthAPITests.swift */; };
		BA40449829A82D5700825B9A /* Persistence.swift in Sources */ = {isa = PBXBuildFile; fileRef = BA40449729A82D5700825B9A /* Persistence.swift */; };
		BA40449C29A831C400825B9A /* WalkView.swift in Sources */ = {isa = PBXBuildFile; fileRef = BA40449B29A831C400825B9A /* WalkView.swift */; };
		BA40449E29A831CE00825B9A /* ActivityView.swift in Sources */ = {isa = PBXBuildFile; fileRef = BA40449D29A831CE00825B9A /* ActivityView.swift */; };
		BA4044A029A83E4A00825B9A /* LocationManager.swift in Sources */ = {isa = PBXBuildFile; fileRef = BA40449F29A83E4A00825B9A /* LocationManager.swift */; };
		BA54CCE0299B159100031A76 /* SettingsView.swift in Sources */ = {isa = PBXBuildFile; fileRef = BA54CCDF299B159100031A76 /* SettingsView.swift */; };
		BA54CCE2299B18F200031A76 /* Settings.bundle in Resources */ = {isa = PBXBuildFile; fileRef = BA54CCE1299B18F200031A76 /* Settings.bundle */; };
		BA54E3C629959355002D54DD /* Model.xcdatamodeld in Sources */ = {isa = PBXBuildFile; fileRef = BA54E3C429959355002D54DD /* Model.xcdatamodeld */; };
		BA54E3C729959355002D54DD /* Model.xcdatamodeld in Sources */ = {isa = PBXBuildFile; fileRef = BA54E3C429959355002D54DD /* Model.xcdatamodeld */; };
		BA54E3C829959355002D54DD /* Model.xcdatamodeld in Sources */ = {isa = PBXBuildFile; fileRef = BA54E3C429959355002D54DD /* Model.xcdatamodeld */; };
		BA89FB342984D2BE002DA24F /* WinderApp.swift in Sources */ = {isa = PBXBuildFile; fileRef = BA89FB332984D2BE002DA24F /* WinderApp.swift */; };
		BA89FB362984D2BE002DA24F /* SplashView.swift in Sources */ = {isa = PBXBuildFile; fileRef = BA89FB352984D2BE002DA24F /* SplashView.swift */; };
		BA89FB382984D2BF002DA24F /* Assets.xcassets in Resources */ = {isa = PBXBuildFile; fileRef = BA89FB372984D2BF002DA24F /* Assets.xcassets */; };
		BA89FB3B2984D2BF002DA24F /* Preview Assets.xcassets in Resources */ = {isa = PBXBuildFile; fileRef = BA89FB3A2984D2BF002DA24F /* Preview Assets.xcassets */; };
		BA89FB452984D2BF002DA24F /* WinderTests.swift in Sources */ = {isa = PBXBuildFile; fileRef = BA89FB442984D2BF002DA24F /* WinderTests.swift */; };
		BA89FB4F2984D2BF002DA24F /* WinderUITests.swift in Sources */ = {isa = PBXBuildFile; fileRef = BA89FB4E2984D2BF002DA24F /* WinderUITests.swift */; };
		BA89FB512984D2BF002DA24F /* WinderUITestsLaunchTests.swift in Sources */ = {isa = PBXBuildFile; fileRef = BA89FB502984D2BF002DA24F /* WinderUITestsLaunchTests.swift */; };
		EFE2EA462991E3CA00F676B1 /* HomeView.swift in Sources */ = {isa = PBXBuildFile; fileRef = EFE2EA452991E3CA00F676B1 /* HomeView.swift */; };
/* End PBXBuildFile section */

/* Begin PBXContainerItemProxy section */
		BA89FB412984D2BF002DA24F /* PBXContainerItemProxy */ = {
			isa = PBXContainerItemProxy;
			containerPortal = BA89FB282984D2BE002DA24F /* Project object */;
			proxyType = 1;
			remoteGlobalIDString = BA89FB2F2984D2BE002DA24F;
			remoteInfo = Winder;
		};
		BA89FB4B2984D2BF002DA24F /* PBXContainerItemProxy */ = {
			isa = PBXContainerItemProxy;
			containerPortal = BA89FB282984D2BE002DA24F /* Project object */;
			proxyType = 1;
			remoteGlobalIDString = BA89FB2F2984D2BE002DA24F;
			remoteInfo = Winder;
		};
/* End PBXContainerItemProxy section */

/* Begin PBXFileReference section */
		BA0723B1298F10E00006962A /* HealthAPITests.swift */ = {isa = PBXFileReference; lastKnownFileType = sourcecode.swift; path = HealthAPITests.swift; sourceTree = "<group>"; };
		BA0723B3298F1DAE0006962A /* Winder.entitlements */ = {isa = PBXFileReference; lastKnownFileType = text.plist.entitlements; path = Winder.entitlements; sourceTree = "<group>"; };
		BA0723B8298F22CD0006962A /* Info.plist */ = {isa = PBXFileReference; lastKnownFileType = text.plist; path = Info.plist; sourceTree = "<group>"; };
		BA40449729A82D5700825B9A /* Persistence.swift */ = {isa = PBXFileReference; lastKnownFileType = sourcecode.swift; path = Persistence.swift; sourceTree = "<group>"; };
		BA40449B29A831C400825B9A /* WalkView.swift */ = {isa = PBXFileReference; lastKnownFileType = sourcecode.swift; path = WalkView.swift; sourceTree = "<group>"; };
		BA40449D29A831CE00825B9A /* ActivityView.swift */ = {isa = PBXFileReference; lastKnownFileType = sourcecode.swift; path = ActivityView.swift; sourceTree = "<group>"; };
		BA40449F29A83E4A00825B9A /* LocationManager.swift */ = {isa = PBXFileReference; fileEncoding = 4; lastKnownFileType = sourcecode.swift; path = LocationManager.swift; sourceTree = "<group>"; };
		BA54CCDF299B159100031A76 /* SettingsView.swift */ = {isa = PBXFileReference; lastKnownFileType = sourcecode.swift; path = SettingsView.swift; sourceTree = "<group>"; };
		BA54CCE1299B18F200031A76 /* Settings.bundle */ = {isa = PBXFileReference; lastKnownFileType = "wrapper.plug-in"; path = Settings.bundle; sourceTree = "<group>"; };
		BA54E3C529959355002D54DD /* Model.xcdatamodel */ = {isa = PBXFileReference; lastKnownFileType = wrapper.xcdatamodel; path = Model.xcdatamodel; sourceTree = "<group>"; };
		BA89FB302984D2BE002DA24F /* Winder.app */ = {isa = PBXFileReference; explicitFileType = wrapper.application; includeInIndex = 0; path = Winder.app; sourceTree = BUILT_PRODUCTS_DIR; };
		BA89FB332984D2BE002DA24F /* WinderApp.swift */ = {isa = PBXFileReference; lastKnownFileType = sourcecode.swift; path = WinderApp.swift; sourceTree = "<group>"; };
		BA89FB352984D2BE002DA24F /* SplashView.swift */ = {isa = PBXFileReference; lastKnownFileType = sourcecode.swift; path = SplashView.swift; sourceTree = "<group>"; };
		BA89FB372984D2BF002DA24F /* Assets.xcassets */ = {isa = PBXFileReference; lastKnownFileType = folder.assetcatalog; path = Assets.xcassets; sourceTree = "<group>"; };
		BA89FB3A2984D2BF002DA24F /* Preview Assets.xcassets */ = {isa = PBXFileReference; lastKnownFileType = folder.assetcatalog; path = "Preview Assets.xcassets"; sourceTree = "<group>"; };
		BA89FB402984D2BF002DA24F /* WinderTests.xctest */ = {isa = PBXFileReference; explicitFileType = wrapper.cfbundle; includeInIndex = 0; path = WinderTests.xctest; sourceTree = BUILT_PRODUCTS_DIR; };
		BA89FB442984D2BF002DA24F /* WinderTests.swift */ = {isa = PBXFileReference; lastKnownFileType = sourcecode.swift; path = WinderTests.swift; sourceTree = "<group>"; };
		BA89FB4A2984D2BF002DA24F /* WinderUITests.xctest */ = {isa = PBXFileReference; explicitFileType = wrapper.cfbundle; includeInIndex = 0; path = WinderUITests.xctest; sourceTree = BUILT_PRODUCTS_DIR; };
		BA89FB4E2984D2BF002DA24F /* WinderUITests.swift */ = {isa = PBXFileReference; lastKnownFileType = sourcecode.swift; path = WinderUITests.swift; sourceTree = "<group>"; };
		BA89FB502984D2BF002DA24F /* WinderUITestsLaunchTests.swift */ = {isa = PBXFileReference; lastKnownFileType = sourcecode.swift; path = WinderUITestsLaunchTests.swift; sourceTree = "<group>"; };
		EFE2EA452991E3CA00F676B1 /* HomeView.swift */ = {isa = PBXFileReference; lastKnownFileType = sourcecode.swift; path = HomeView.swift; sourceTree = "<group>"; };
/* End PBXFileReference section */

/* Begin PBXFrameworksBuildPhase section */
		BA89FB2D2984D2BE002DA24F /* Frameworks */ = {
			isa = PBXFrameworksBuildPhase;
			buildActionMask = 2147483647;
			files = (
			);
			runOnlyForDeploymentPostprocessing = 0;
		};
		BA89FB3D2984D2BF002DA24F /* Frameworks */ = {
			isa = PBXFrameworksBuildPhase;
			buildActionMask = 2147483647;
			files = (
			);
			runOnlyForDeploymentPostprocessing = 0;
		};
		BA89FB472984D2BF002DA24F /* Frameworks */ = {
			isa = PBXFrameworksBuildPhase;
			buildActionMask = 2147483647;
			files = (
			);
			runOnlyForDeploymentPostprocessing = 0;
		};
/* End PBXFrameworksBuildPhase section */

/* Begin PBXGroup section */
		BA89FB272984D2BE002DA24F = {
			isa = PBXGroup;
			children = (
				BA54E3C429959355002D54DD /* Model.xcdatamodeld */,
				BA89FB322984D2BE002DA24F /* Winder */,
				BA89FB432984D2BF002DA24F /* WinderTests */,
				BA89FB4D2984D2BF002DA24F /* WinderUITests */,
				BA89FB312984D2BE002DA24F /* Products */,
			);
			sourceTree = "<group>";
		};
		BA89FB312984D2BE002DA24F /* Products */ = {
			isa = PBXGroup;
			children = (
				BA89FB302984D2BE002DA24F /* Winder.app */,
				BA89FB402984D2BF002DA24F /* WinderTests.xctest */,
				BA89FB4A2984D2BF002DA24F /* WinderUITests.xctest */,
			);
			name = Products;
			sourceTree = "<group>";
		};
		BA89FB322984D2BE002DA24F /* Winder */ = {
			isa = PBXGroup;
			children = (
				BA0723B8298F22CD0006962A /* Info.plist */,
				BA0723B3298F1DAE0006962A /* Winder.entitlements */,
				BA89FB332984D2BE002DA24F /* WinderApp.swift */,
				BA89FB352984D2BE002DA24F /* SplashView.swift */,
				EFE2EA452991E3CA00F676B1 /* HomeView.swift */,
				BA40449B29A831C400825B9A /* WalkView.swift */,
				BA40449D29A831CE00825B9A /* ActivityView.swift */,
				BA54CCDF299B159100031A76 /* SettingsView.swift */,
				BA40449F29A83E4A00825B9A /* LocationManager.swift */,
				BA89FB372984D2BF002DA24F /* Assets.xcassets */,
				BA40449729A82D5700825B9A /* Persistence.swift */,
				BA89FB392984D2BF002DA24F /* Preview Content */,
				BA54CCE1299B18F200031A76 /* Settings.bundle */,
			);
			path = Winder;
			sourceTree = "<group>";
		};
		BA89FB392984D2BF002DA24F /* Preview Content */ = {
			isa = PBXGroup;
			children = (
				BA89FB3A2984D2BF002DA24F /* Preview Assets.xcassets */,
			);
			path = "Preview Content";
			sourceTree = "<group>";
		};
		BA89FB432984D2BF002DA24F /* WinderTests */ = {
			isa = PBXGroup;
			children = (
				BA89FB442984D2BF002DA24F /* WinderTests.swift */,
				BA0723B1298F10E00006962A /* HealthAPITests.swift */,
			);
			path = WinderTests;
			sourceTree = "<group>";
		};
		BA89FB4D2984D2BF002DA24F /* WinderUITests */ = {
			isa = PBXGroup;
			children = (
				BA89FB4E2984D2BF002DA24F /* WinderUITests.swift */,
				BA89FB502984D2BF002DA24F /* WinderUITestsLaunchTests.swift */,
			);
			path = WinderUITests;
			sourceTree = "<group>";
		};
/* End PBXGroup section */

/* Begin PBXNativeTarget section */
		BA89FB2F2984D2BE002DA24F /* Winder */ = {
			isa = PBXNativeTarget;
			buildConfigurationList = BA89FB542984D2BF002DA24F /* Build configuration list for PBXNativeTarget "Winder" */;
			buildPhases = (
				BA89FB2C2984D2BE002DA24F /* Sources */,
				BA89FB2D2984D2BE002DA24F /* Frameworks */,
				BA89FB2E2984D2BE002DA24F /* Resources */,
			);
			buildRules = (
			);
			dependencies = (
			);
			name = Winder;
			productName = Winder;
			productReference = BA89FB302984D2BE002DA24F /* Winder.app */;
			productType = "com.apple.product-type.application";
		};
		BA89FB3F2984D2BF002DA24F /* WinderTests */ = {
			isa = PBXNativeTarget;
			buildConfigurationList = BA89FB572984D2BF002DA24F /* Build configuration list for PBXNativeTarget "WinderTests" */;
			buildPhases = (
				BA89FB3C2984D2BF002DA24F /* Sources */,
				BA89FB3D2984D2BF002DA24F /* Frameworks */,
				BA89FB3E2984D2BF002DA24F /* Resources */,
			);
			buildRules = (
			);
			dependencies = (
				BA89FB422984D2BF002DA24F /* PBXTargetDependency */,
			);
			name = WinderTests;
			productName = WinderTests;
			productReference = BA89FB402984D2BF002DA24F /* WinderTests.xctest */;
			productType = "com.apple.product-type.bundle.unit-test";
		};
		BA89FB492984D2BF002DA24F /* WinderUITests */ = {
			isa = PBXNativeTarget;
			buildConfigurationList = BA89FB5A2984D2BF002DA24F /* Build configuration list for PBXNativeTarget "WinderUITests" */;
			buildPhases = (
				BA89FB462984D2BF002DA24F /* Sources */,
				BA89FB472984D2BF002DA24F /* Frameworks */,
				BA89FB482984D2BF002DA24F /* Resources */,
			);
			buildRules = (
			);
			dependencies = (
				BA89FB4C2984D2BF002DA24F /* PBXTargetDependency */,
			);
			name = WinderUITests;
			productName = WinderUITests;
			productReference = BA89FB4A2984D2BF002DA24F /* WinderUITests.xctest */;
			productType = "com.apple.product-type.bundle.ui-testing";
		};
/* End PBXNativeTarget section */

/* Begin PBXProject section */
		BA89FB282984D2BE002DA24F /* Project object */ = {
			isa = PBXProject;
			attributes = {
				BuildIndependentTargetsInParallel = 1;
				LastSwiftUpdateCheck = 1420;
				LastUpgradeCheck = 1420;
				TargetAttributes = {
					BA89FB2F2984D2BE002DA24F = {
						CreatedOnToolsVersion = 14.2;
					};
					BA89FB3F2984D2BF002DA24F = {
						CreatedOnToolsVersion = 14.2;
						TestTargetID = BA89FB2F2984D2BE002DA24F;
					};
					BA89FB492984D2BF002DA24F = {
						CreatedOnToolsVersion = 14.2;
						TestTargetID = BA89FB2F2984D2BE002DA24F;
					};
				};
			};
			buildConfigurationList = BA89FB2B2984D2BE002DA24F /* Build configuration list for PBXProject "Winder" */;
			compatibilityVersion = "Xcode 14.0";
			developmentRegion = en;
			hasScannedForEncodings = 0;
			knownRegions = (
				en,
				Base,
			);
			mainGroup = BA89FB272984D2BE002DA24F;
			productRefGroup = BA89FB312984D2BE002DA24F /* Products */;
			projectDirPath = "";
			projectRoot = "";
			targets = (
				BA89FB2F2984D2BE002DA24F /* Winder */,
				BA89FB3F2984D2BF002DA24F /* WinderTests */,
				BA89FB492984D2BF002DA24F /* WinderUITests */,
			);
		};
/* End PBXProject section */

/* Begin PBXResourcesBuildPhase section */
		BA89FB2E2984D2BE002DA24F /* Resources */ = {
			isa = PBXResourcesBuildPhase;
			buildActionMask = 2147483647;
			files = (
				BA89FB3B2984D2BF002DA24F /* Preview Assets.xcassets in Resources */,
				BA54CCE2299B18F200031A76 /* Settings.bundle in Resources */,
				BA89FB382984D2BF002DA24F /* Assets.xcassets in Resources */,
			);
			runOnlyForDeploymentPostprocessing = 0;
		};
		BA89FB3E2984D2BF002DA24F /* Resources */ = {
			isa = PBXResourcesBuildPhase;
			buildActionMask = 2147483647;
			files = (
			);
			runOnlyForDeploymentPostprocessing = 0;
		};
		BA89FB482984D2BF002DA24F /* Resources */ = {
			isa = PBXResourcesBuildPhase;
			buildActionMask = 2147483647;
			files = (
			);
			runOnlyForDeploymentPostprocessing = 0;
		};
/* End PBXResourcesBuildPhase section */

/* Begin PBXSourcesBuildPhase section */
		BA89FB2C2984D2BE002DA24F /* Sources */ = {
			isa = PBXSourcesBuildPhase;
			buildActionMask = 2147483647;
			files = (
				BA40449829A82D5700825B9A /* Persistence.swift in Sources */,
				BA89FB362984D2BE002DA24F /* SplashView.swift in Sources */,
				EFE2EA462991E3CA00F676B1 /* HomeView.swift in Sources */,
				BA54CCE0299B159100031A76 /* SettingsView.swift in Sources */,
				BA89FB342984D2BE002DA24F /* WinderApp.swift in Sources */,
				BA40449E29A831CE00825B9A /* ActivityView.swift in Sources */,
				BA40449C29A831C400825B9A /* WalkView.swift in Sources */,
				BA54E3C629959355002D54DD /* Model.xcdatamodeld in Sources */,
				BA4044A029A83E4A00825B9A /* LocationManager.swift in Sources */,
			);
			runOnlyForDeploymentPostprocessing = 0;
		};
		BA89FB3C2984D2BF002DA24F /* Sources */ = {
			isa = PBXSourcesBuildPhase;
			buildActionMask = 2147483647;
			files = (
				BA0723B2298F10E00006962A /* HealthAPITests.swift in Sources */,
				BA89FB452984D2BF002DA24F /* WinderTests.swift in Sources */,
				BA54E3C729959355002D54DD /* Model.xcdatamodeld in Sources */,
			);
			runOnlyForDeploymentPostprocessing = 0;
		};
		BA89FB462984D2BF002DA24F /* Sources */ = {
			isa = PBXSourcesBuildPhase;
			buildActionMask = 2147483647;
			files = (
				BA89FB4F2984D2BF002DA24F /* WinderUITests.swift in Sources */,
				BA89FB512984D2BF002DA24F /* WinderUITestsLaunchTests.swift in Sources */,
				BA54E3C829959355002D54DD /* Model.xcdatamodeld in Sources */,
			);
			runOnlyForDeploymentPostprocessing = 0;
		};
/* End PBXSourcesBuildPhase section */

/* Begin PBXTargetDependency section */
		BA89FB422984D2BF002DA24F /* PBXTargetDependency */ = {
			isa = PBXTargetDependency;
			target = BA89FB2F2984D2BE002DA24F /* Winder */;
			targetProxy = BA89FB412984D2BF002DA24F /* PBXContainerItemProxy */;
		};
		BA89FB4C2984D2BF002DA24F /* PBXTargetDependency */ = {
			isa = PBXTargetDependency;
			target = BA89FB2F2984D2BE002DA24F /* Winder */;
			targetProxy = BA89FB4B2984D2BF002DA24F /* PBXContainerItemProxy */;
		};
/* End PBXTargetDependency section */

/* Begin XCBuildConfiguration section */
		BA89FB522984D2BF002DA24F /* Debug */ = {
			isa = XCBuildConfiguration;
			buildSettings = {
				ALWAYS_SEARCH_USER_PATHS = NO;
				CLANG_ANALYZER_NONNULL = YES;
				CLANG_ANALYZER_NUMBER_OBJECT_CONVERSION = YES_AGGRESSIVE;
				CLANG_CXX_LANGUAGE_STANDARD = "gnu++20";
				CLANG_ENABLE_MODULES = YES;
				CLANG_ENABLE_OBJC_ARC = YES;
				CLANG_ENABLE_OBJC_WEAK = YES;
				CLANG_WARN_BLOCK_CAPTURE_AUTORELEASING = YES;
				CLANG_WARN_BOOL_CONVERSION = YES;
				CLANG_WARN_COMMA = YES;
				CLANG_WARN_CONSTANT_CONVERSION = YES;
				CLANG_WARN_DEPRECATED_OBJC_IMPLEMENTATIONS = YES;
				CLANG_WARN_DIRECT_OBJC_ISA_USAGE = YES_ERROR;
				CLANG_WARN_DOCUMENTATION_COMMENTS = YES;
				CLANG_WARN_EMPTY_BODY = YES;
				CLANG_WARN_ENUM_CONVERSION = YES;
				CLANG_WARN_INFINITE_RECURSION = YES;
				CLANG_WARN_INT_CONVERSION = YES;
				CLANG_WARN_NON_LITERAL_NULL_CONVERSION = YES;
				CLANG_WARN_OBJC_IMPLICIT_RETAIN_SELF = YES;
				CLANG_WARN_OBJC_LITERAL_CONVERSION = YES;
				CLANG_WARN_OBJC_ROOT_CLASS = YES_ERROR;
				CLANG_WARN_QUOTED_INCLUDE_IN_FRAMEWORK_HEADER = YES;
				CLANG_WARN_RANGE_LOOP_ANALYSIS = YES;
				CLANG_WARN_STRICT_PROTOTYPES = YES;
				CLANG_WARN_SUSPICIOUS_MOVE = YES;
				CLANG_WARN_UNGUARDED_AVAILABILITY = YES_AGGRESSIVE;
				CLANG_WARN_UNREACHABLE_CODE = YES;
				CLANG_WARN__DUPLICATE_METHOD_MATCH = YES;
				COPY_PHASE_STRIP = NO;
				DEBUG_INFORMATION_FORMAT = dwarf;
				ENABLE_STRICT_OBJC_MSGSEND = YES;
				ENABLE_TESTABILITY = YES;
				GCC_C_LANGUAGE_STANDARD = gnu11;
				GCC_DYNAMIC_NO_PIC = NO;
				GCC_NO_COMMON_BLOCKS = YES;
				GCC_OPTIMIZATION_LEVEL = 0;
				GCC_PREPROCESSOR_DEFINITIONS = (
					"DEBUG=1",
					"$(inherited)",
				);
				GCC_WARN_64_TO_32_BIT_CONVERSION = YES;
				GCC_WARN_ABOUT_RETURN_TYPE = YES_ERROR;
				GCC_WARN_UNDECLARED_SELECTOR = YES;
				GCC_WARN_UNINITIALIZED_AUTOS = YES_AGGRESSIVE;
				GCC_WARN_UNUSED_FUNCTION = YES;
				GCC_WARN_UNUSED_VARIABLE = YES;
				IPHONEOS_DEPLOYMENT_TARGET = 16.2;
				MTL_ENABLE_DEBUG_INFO = INCLUDE_SOURCE;
				MTL_FAST_MATH = YES;
				ONLY_ACTIVE_ARCH = YES;
				SDKROOT = iphoneos;
				SWIFT_ACTIVE_COMPILATION_CONDITIONS = DEBUG;
				SWIFT_OPTIMIZATION_LEVEL = "-Onone";
			};
			name = Debug;
		};
		BA89FB532984D2BF002DA24F /* Release */ = {
			isa = XCBuildConfiguration;
			buildSettings = {
				ALWAYS_SEARCH_USER_PATHS = NO;
				CLANG_ANALYZER_NONNULL = YES;
				CLANG_ANALYZER_NUMBER_OBJECT_CONVERSION = YES_AGGRESSIVE;
				CLANG_CXX_LANGUAGE_STANDARD = "gnu++20";
				CLANG_ENABLE_MODULES = YES;
				CLANG_ENABLE_OBJC_ARC = YES;
				CLANG_ENABLE_OBJC_WEAK = YES;
				CLANG_WARN_BLOCK_CAPTURE_AUTORELEASING = YES;
				CLANG_WARN_BOOL_CONVERSION = YES;
				CLANG_WARN_COMMA = YES;
				CLANG_WARN_CONSTANT_CONVERSION = YES;
				CLANG_WARN_DEPRECATED_OBJC_IMPLEMENTATIONS = YES;
				CLANG_WARN_DIRECT_OBJC_ISA_USAGE = YES_ERROR;
				CLANG_WARN_DOCUMENTATION_COMMENTS = YES;
				CLANG_WARN_EMPTY_BODY = YES;
				CLANG_WARN_ENUM_CONVERSION = YES;
				CLANG_WARN_INFINITE_RECURSION = YES;
				CLANG_WARN_INT_CONVERSION = YES;
				CLANG_WARN_NON_LITERAL_NULL_CONVERSION = YES;
				CLANG_WARN_OBJC_IMPLICIT_RETAIN_SELF = YES;
				CLANG_WARN_OBJC_LITERAL_CONVERSION = YES;
				CLANG_WARN_OBJC_ROOT_CLASS = YES_ERROR;
				CLANG_WARN_QUOTED_INCLUDE_IN_FRAMEWORK_HEADER = YES;
				CLANG_WARN_RANGE_LOOP_ANALYSIS = YES;
				CLANG_WARN_STRICT_PROTOTYPES = YES;
				CLANG_WARN_SUSPICIOUS_MOVE = YES;
				CLANG_WARN_UNGUARDED_AVAILABILITY = YES_AGGRESSIVE;
				CLANG_WARN_UNREACHABLE_CODE = YES;
				CLANG_WARN__DUPLICATE_METHOD_MATCH = YES;
				COPY_PHASE_STRIP = NO;
				DEBUG_INFORMATION_FORMAT = "dwarf-with-dsym";
				ENABLE_NS_ASSERTIONS = NO;
				ENABLE_STRICT_OBJC_MSGSEND = YES;
				GCC_C_LANGUAGE_STANDARD = gnu11;
				GCC_NO_COMMON_BLOCKS = YES;
				GCC_WARN_64_TO_32_BIT_CONVERSION = YES;
				GCC_WARN_ABOUT_RETURN_TYPE = YES_ERROR;
				GCC_WARN_UNDECLARED_SELECTOR = YES;
				GCC_WARN_UNINITIALIZED_AUTOS = YES_AGGRESSIVE;
				GCC_WARN_UNUSED_FUNCTION = YES;
				GCC_WARN_UNUSED_VARIABLE = YES;
				IPHONEOS_DEPLOYMENT_TARGET = 16.2;
				MTL_ENABLE_DEBUG_INFO = NO;
				MTL_FAST_MATH = YES;
				SDKROOT = iphoneos;
				SWIFT_COMPILATION_MODE = wholemodule;
				SWIFT_OPTIMIZATION_LEVEL = "-O";
				VALIDATE_PRODUCT = YES;
			};
			name = Release;
		};
		BA89FB552984D2BF002DA24F /* Debug */ = {
			isa = XCBuildConfiguration;
			buildSettings = {
				ASSETCATALOG_COMPILER_APPICON_NAME = AppIcon;
				ASSETCATALOG_COMPILER_GLOBAL_ACCENT_COLOR_NAME = AccentColor;
				CODE_SIGN_ENTITLEMENTS = Winder/Winder.entitlements;
				CODE_SIGN_IDENTITY = "Apple Development";
				CODE_SIGN_STYLE = Automatic;
				CURRENT_PROJECT_VERSION = 1;
				DEVELOPMENT_ASSET_PATHS = "\"Winder/Preview Content\"";
				DEVELOPMENT_TEAM = 5NMAQN2N3D;
				ENABLE_PREVIEWS = YES;
				GENERATE_INFOPLIST_FILE = YES;
				INFOPLIST_FILE = Winder/Info.plist;
				INFOPLIST_KEY_NSHealthClinicalHealthRecordsShareUsageDescription = "Asking for Health Data for Step Count";
				INFOPLIST_KEY_NSHealthShareUsageDescription = "Asking for Health Data for Step Count";
				INFOPLIST_KEY_NSHealthUpdateUsageDescription = "Asking for Health Data for Step Count";
				INFOPLIST_KEY_UIApplicationSupportsIndirectInputEvents = YES;
				INFOPLIST_KEY_UILaunchScreen_Generation = YES;
				INFOPLIST_KEY_UISupportedInterfaceOrientations_iPad = "UIInterfaceOrientationPortrait UIInterfaceOrientationPortraitUpsideDown UIInterfaceOrientationLandscapeLeft UIInterfaceOrientationLandscapeRight";
				INFOPLIST_KEY_UISupportedInterfaceOrientations_iPhone = "UIInterfaceOrientationPortrait UIInterfaceOrientationLandscapeLeft UIInterfaceOrientationLandscapeRight";
				LD_RUNPATH_SEARCH_PATHS = (
					"$(inherited)",
					"@executable_path/Frameworks",
				);
				MARKETING_VERSION = 1.0;
				PRODUCT_BUNDLE_IDENTIFIER = Group40.Winder;
				PRODUCT_NAME = "$(TARGET_NAME)";
				PROVISIONING_PROFILE_SPECIFIER = "";
				SWIFT_EMIT_LOC_STRINGS = YES;
				SWIFT_VERSION = 5.0;
				TARGETED_DEVICE_FAMILY = "1,2";
			};
			name = Debug;
		};
		BA89FB562984D2BF002DA24F /* Release */ = {
			isa = XCBuildConfiguration;
			buildSettings = {
				ASSETCATALOG_COMPILER_APPICON_NAME = AppIcon;
				ASSETCATALOG_COMPILER_GLOBAL_ACCENT_COLOR_NAME = AccentColor;
				CODE_SIGN_ENTITLEMENTS = Winder/Winder.entitlements;
				CODE_SIGN_IDENTITY = "Apple Development";
				CODE_SIGN_STYLE = Automatic;
				CURRENT_PROJECT_VERSION = 1;
				DEVELOPMENT_ASSET_PATHS = "\"Winder/Preview Content\"";
				DEVELOPMENT_TEAM = 5NMAQN2N3D;
				ENABLE_PREVIEWS = YES;
				GENERATE_INFOPLIST_FILE = YES;
				INFOPLIST_FILE = Winder/Info.plist;
				INFOPLIST_KEY_NSHealthClinicalHealthRecordsShareUsageDescription = "Asking for Health Data for Step Count";
				INFOPLIST_KEY_NSHealthShareUsageDescription = "Asking for Health Data for Step Count";
				INFOPLIST_KEY_NSHealthUpdateUsageDescription = "Asking for Health Data for Step Count";
				INFOPLIST_KEY_UIApplicationSupportsIndirectInputEvents = YES;
				INFOPLIST_KEY_UILaunchScreen_Generation = YES;
				INFOPLIST_KEY_UISupportedInterfaceOrientations_iPad = "UIInterfaceOrientationPortrait UIInterfaceOrientationPortraitUpsideDown UIInterfaceOrientationLandscapeLeft UIInterfaceOrientationLandscapeRight";
				INFOPLIST_KEY_UISupportedInterfaceOrientations_iPhone = "UIInterfaceOrientationPortrait UIInterfaceOrientationLandscapeLeft UIInterfaceOrientationLandscapeRight";
				LD_RUNPATH_SEARCH_PATHS = (
					"$(inherited)",
					"@executable_path/Frameworks",
				);
				MARKETING_VERSION = 1.0;
				PRODUCT_BUNDLE_IDENTIFIER = Group40.Winder;
				PRODUCT_NAME = "$(TARGET_NAME)";
				PROVISIONING_PROFILE_SPECIFIER = "";
				SWIFT_EMIT_LOC_STRINGS = YES;
				SWIFT_VERSION = 5.0;
				TARGETED_DEVICE_FAMILY = "1,2";
			};
			name = Release;
		};
		BA89FB582984D2BF002DA24F /* Debug */ = {
			isa = XCBuildConfiguration;
			buildSettings = {
				ALWAYS_EMBED_SWIFT_STANDARD_LIBRARIES = YES;
				BUNDLE_LOADER = "$(TEST_HOST)";
				CODE_SIGN_STYLE = Automatic;
				CURRENT_PROJECT_VERSION = 1;
				GENERATE_INFOPLIST_FILE = YES;
				IPHONEOS_DEPLOYMENT_TARGET = 16.2;
				MARKETING_VERSION = 1.0;
				PRODUCT_BUNDLE_IDENTIFIER = Group40.WinderTests;
				PRODUCT_NAME = "$(TARGET_NAME)";
				SWIFT_EMIT_LOC_STRINGS = NO;
				SWIFT_VERSION = 5.0;
				TARGETED_DEVICE_FAMILY = "1,2";
				TEST_HOST = "$(BUILT_PRODUCTS_DIR)/Winder.app/$(BUNDLE_EXECUTABLE_FOLDER_PATH)/Winder";
			};
			name = Debug;
		};
		BA89FB592984D2BF002DA24F /* Release */ = {
			isa = XCBuildConfiguration;
			buildSettings = {
				ALWAYS_EMBED_SWIFT_STANDARD_LIBRARIES = YES;
				BUNDLE_LOADER = "$(TEST_HOST)";
				CODE_SIGN_STYLE = Automatic;
				CURRENT_PROJECT_VERSION = 1;
				GENERATE_INFOPLIST_FILE = YES;
				IPHONEOS_DEPLOYMENT_TARGET = 16.2;
				MARKETING_VERSION = 1.0;
				PRODUCT_BUNDLE_IDENTIFIER = Group40.WinderTests;
				PRODUCT_NAME = "$(TARGET_NAME)";
				SWIFT_EMIT_LOC_STRINGS = NO;
				SWIFT_VERSION = 5.0;
				TARGETED_DEVICE_FAMILY = "1,2";
				TEST_HOST = "$(BUILT_PRODUCTS_DIR)/Winder.app/$(BUNDLE_EXECUTABLE_FOLDER_PATH)/Winder";
			};
			name = Release;
		};
		BA89FB5B2984D2BF002DA24F /* Debug */ = {
			isa = XCBuildConfiguration;
			buildSettings = {
				ALWAYS_EMBED_SWIFT_STANDARD_LIBRARIES = YES;
				CODE_SIGN_STYLE = Automatic;
				CURRENT_PROJECT_VERSION = 1;
				GENERATE_INFOPLIST_FILE = YES;
				MARKETING_VERSION = 1.0;
				PRODUCT_BUNDLE_IDENTIFIER = Group40.WinderUITests;
				PRODUCT_NAME = "$(TARGET_NAME)";
				SWIFT_EMIT_LOC_STRINGS = NO;
				SWIFT_VERSION = 5.0;
				TARGETED_DEVICE_FAMILY = "1,2";
				TEST_TARGET_NAME = Winder;
			};
			name = Debug;
		};
		BA89FB5C2984D2BF002DA24F /* Release */ = {
			isa = XCBuildConfiguration;
			buildSettings = {
				ALWAYS_EMBED_SWIFT_STANDARD_LIBRARIES = YES;
				CODE_SIGN_STYLE = Automatic;
				CURRENT_PROJECT_VERSION = 1;
				GENERATE_INFOPLIST_FILE = YES;
				MARKETING_VERSION = 1.0;
				PRODUCT_BUNDLE_IDENTIFIER = Group40.WinderUITests;
				PRODUCT_NAME = "$(TARGET_NAME)";
				SWIFT_EMIT_LOC_STRINGS = NO;
				SWIFT_VERSION = 5.0;
				TARGETED_DEVICE_FAMILY = "1,2";
				TEST_TARGET_NAME = Winder;
			};
			name = Release;
		};
/* End XCBuildConfiguration section */

/* Begin XCConfigurationList section */
		BA89FB2B2984D2BE002DA24F /* Build configuration list for PBXProject "Winder" */ = {
			isa = XCConfigurationList;
			buildConfigurations = (
				BA89FB522984D2BF002DA24F /* Debug */,
				BA89FB532984D2BF002DA24F /* Release */,
			);
			defaultConfigurationIsVisible = 0;
			defaultConfigurationName = Release;
		};
		BA89FB542984D2BF002DA24F /* Build configuration list for PBXNativeTarget "Winder" */ = {
			isa = XCConfigurationList;
			buildConfigurations = (
				BA89FB552984D2BF002DA24F /* Debug */,
				BA89FB562984D2BF002DA24F /* Release */,
			);
			defaultConfigurationIsVisible = 0;
			defaultConfigurationName = Release;
		};
		BA89FB572984D2BF002DA24F /* Build configuration list for PBXNativeTarget "WinderTests" */ = {
			isa = XCConfigurationList;
			buildConfigurations = (
				BA89FB582984D2BF002DA24F /* Debug */,
				BA89FB592984D2BF002DA24F /* Release */,
			);
			defaultConfigurationIsVisible = 0;
			defaultConfigurationName = Release;
		};
		BA89FB5A2984D2BF002DA24F /* Build configuration list for PBXNativeTarget "WinderUITests" */ = {
			isa = XCConfigurationList;
			buildConfigurations = (
				BA89FB5B2984D2BF002DA24F /* Debug */,
				BA89FB5C2984D2BF002DA24F /* Release */,
			);
			defaultConfigurationIsVisible = 0;
			defaultConfigurationName = Release;
		};
/* End XCConfigurationList section */

/* Begin XCVersionGroup section */
		BA54E3C429959355002D54DD /* Model.xcdatamodeld */ = {
			isa = XCVersionGroup;
			children = (
				BA54E3C529959355002D54DD /* Model.xcdatamodel */,
			);
			currentVersion = BA54E3C529959355002D54DD /* Model.xcdatamodel */;
			path = Model.xcdatamodeld;
			sourceTree = "<group>";
			versionGroupType = wrapper.xcdatamodel;
		};
/* End XCVersionGroup section */
	};
	rootObject = BA89FB282984D2BE002DA24F /* Project object */;
}
